
Microsoft Visual Studio Solution File, Format Version 12.00
# Visual Studio 14
VisualStudioVersion = 14.0.25420.1
MinimumVisualStudioVersion = 10.0.40219.1
Project("{FAE04EC0-301F-11D3-BF4B-00C04F79EFBC}") = "Blog.View", "Blog.View\Blog.View.csproj", "{37C606E7-B7B4-4793-B97E-738926FE8A3A}"
EndProject
Project("{FAE04EC0-301F-11D3-BF4B-00C04F79EFBC}") = "Blog.DAL", "Blog.DAL\Blog.DAL.csproj", "{D9CC86D5-9C8B-4EC9-8BB7-208365A85B12}"
EndProject
Project("{FAE04EC0-301F-11D3-BF4B-00C04F79EFBC}") = "Blog.BLL", "Blog.BLL\Blog.BLL.csproj", "{95D6F2B6-D013-4B27-8EB6-7061BC37C114}"
EndProject
Global
	GlobalSection(SolutionConfigurationPlatforms) = preSolution
		Debug|Any CPU = Debug|Any CPU
		Release|Any CPU = Release|Any CPU
	EndGlobalSection
	GlobalSection(ProjectConfigurationPlatforms) = postSolution
		{37C606E7-B7B4-4793-B97E-738926FE8A3A}.Debug|Any CPU.ActiveCfg = Debug|Any CPU
		{37C606E7-B7B4-4793-B97E-738926FE8A3A}.Debug|Any CPU.Build.0 = Debug|Any CPU
		{37C606E7-B7B4-4793-B97E-738926FE8A3A}.Release|Any CPU.ActiveCfg = Release|Any CPU
		{37C606E7-B7B4-4793-B97E-738926FE8A3A}.Release|Any CPU.Build.0 = Release|Any CPU
		{D9CC86D5-9C8B-4EC9-8BB7-208365A85B12}.Debug|Any CPU.ActiveCfg = Debug|Any CPU
		{D9CC86D5-9C8B-4EC9-8BB7-208365A85B12}.Debug|Any CPU.Build.0 = Debug|Any CPU
		{D9CC86D5-9C8B-4EC9-8BB7-208365A85B12}.Release|Any CPU.ActiveCfg = Release|Any CPU
		{D9CC86D5-9C8B-4EC9-8BB7-208365A85B12}.Release|Any CPU.Build.0 = Release|Any CPU
		{95D6F2B6-D013-4B27-8EB6-7061BC37C114}.Debug|Any CPU.ActiveCfg = Debug|Any CPU
		{95D6F2B6-D013-4B27-8EB6-7061BC37C114}.Debug|Any CPU.Build.0 = Debug|Any CPU
		{95D6F2B6-D013-4B27-8EB6-7061BC37C114}.Release|Any CPU.ActiveCfg = Release|Any CPU
		{95D6F2B6-D013-4B27-8EB6-7061BC37C114}.Release|Any CPU.Build.0 = Release|Any CPU
	EndGlobalSection
	GlobalSection(SolutionProperties) = preSolution
		HideSolutionNode = FALSE
	EndGlobalSection
EndGlobal
